// !$*UTF8*$!
{
	archiveVersion = 1;
	classes = {
	};
	objectVersion = 50;
	objects = {

/* Begin PBXBuildFile section */
		16A5D9EF236F2B95004A3963 /* AppDelegate.swift in Sources */ = {isa = PBXBuildFile; fileRef = 16A5D9EE236F2B95004A3963 /* AppDelegate.swift */; };
		16A5D9F1236F2B95004A3963 /* SceneDelegate.swift in Sources */ = {isa = PBXBuildFile; fileRef = 16A5D9F0236F2B95004A3963 /* SceneDelegate.swift */; };
		16A5D9F3236F2B95004A3963 /* ViewController.swift in Sources */ = {isa = PBXBuildFile; fileRef = 16A5D9F2236F2B95004A3963 /* ViewController.swift */; };
		16A5D9F6236F2B95004A3963 /* Main.storyboard in Resources */ = {isa = PBXBuildFile; fileRef = 16A5D9F4236F2B95004A3963 /* Main.storyboard */; };
		16A5D9F8236F2B96004A3963 /* Assets.xcassets in Resources */ = {isa = PBXBuildFile; fileRef = 16A5D9F7236F2B96004A3963 /* Assets.xcassets */; };
		16A5D9FB236F2B96004A3963 /* LaunchScreen.storyboard in Resources */ = {isa = PBXBuildFile; fileRef = 16A5D9F9236F2B96004A3963 /* LaunchScreen.storyboard */; };
/* End PBXBuildFile section */

/* Begin PBXFileReference section */
		16A5D9EB236F2B95004A3963 /* MagicBookStore.app */ = {isa = PBXFileReference; explicitFileType = wrapper.application; includeInIndex = 0; path = MagicBookStore.app; sourceTree = BUILT_PRODUCTS_DIR; };
		16A5D9EE236F2B95004A3963 /* AppDelegate.swift */ = {isa = PBXFileReference; lastKnownFileType = sourcecode.swift; path = AppDelegate.swift; sourceTree = "<group>"; };
		16A5D9F0236F2B95004A3963 /* SceneDelegate.swift */ = {isa = PBXFileReference; lastKnownFileType = sourcecode.swift; path = SceneDelegate.swift; sourceTree = "<group>"; };
		16A5D9F2236F2B95004A3963 /* ViewController.swift */ = {isa = PBXFileReference; lastKnownFileType = sourcecode.swift; path = ViewController.swift; sourceTree = "<group>"; };
		16A5D9F5236F2B95004A3963 /* Base */ = {isa = PBXFileReference; lastKnownFileType = file.storyboard; name = Base; path = Base.lproj/Main.storyboard; sourceTree = "<group>"; };
		16A5D9F7236F2B96004A3963 /* Assets.xcassets */ = {isa = PBXFileReference; lastKnownFileType = folder.assetcatalog; path = Assets.xcassets; sourceTree = "<group>"; };
		16A5D9FA236F2B96004A3963 /* Base */ = {isa = PBXFileReference; lastKnownFileType = file.storyboard; name = Base; path = Base.lproj/LaunchScreen.storyboard; sourceTree = "<group>"; };
		16A5D9FC236F2B96004A3963 /* Info.plist */ = {isa = PBXFileReference; lastKnownFileType = text.plist.xml; path = Info.plist; sourceTree = "<group>"; };
/* End PBXFileReference section */

/* Begin PBXFrameworksBuildPhase section */
		16A5D9E8236F2B95004A3963 /* Frameworks */ = {
			isa = PBXFrameworksBuildPhase;
			buildActionMask = 2147483647;
			files = (
			);
			runOnlyForDeploymentPostprocessing = 0;
		};
/* End PBXFrameworksBuildPhase section */

/* Begin PBXGroup section */
		16A5D9E2236F2B95004A3963 = {
			isa = PBXGroup;
			children = (
				16A5D9ED236F2B95004A3963 /* MagicBookStore */,
				16A5D9EC236F2B95004A3963 /* Products */,
			);
			sourceTree = "<group>";
		};
		16A5D9EC236F2B95004A3963 /* Products */ = {
			isa = PBXGroup;
			children = (
				16A5D9EB236F2B95004A3963 /* MagicBookStore.app */,
			);
			name = Products;
			sourceTree = "<group>";
		};
		16A5D9ED236F2B95004A3963 /* MagicBookStore */ = {
			isa = PBXGroup;
			children = (
				16A5D9EE236F2B95004A3963 /* AppDelegate.swift */,
				16A5D9F0236F2B95004A3963 /* SceneDelegate.swift */,
				16A5D9F2236F2B95004A3963 /* ViewController.swift */,
				16A5D9F4236F2B95004A3963 /* Main.storyboard */,
				16A5D9F7236F2B96004A3963 /* Assets.xcassets */,
				16A5D9F9236F2B96004A3963 /* LaunchScreen.storyboard */,
				16A5D9FC236F2B96004A3963 /* Info.plist */,
			);
			path = MagicBookStore;
			sourceTree = "<group>";
		};
/* End PBXGroup section */

/* Begin PBXNativeTarget section */
		16A5D9EA236F2B95004A3963 /* MagicBookStore */ = {
			isa = PBXNativeTarget;
			buildConfigurationList = 16A5D9FF236F2B96004A3963 /* Build configuration list for PBXNativeTarget "MagicBookStore" */;
			buildPhases = (
				16A5D9E7236F2B95004A3963 /* Sources */,
				16A5D9E8236F2B95004A3963 /* Frameworks */,
				16A5D9E9236F2B95004A3963 /* Resources */,
			);
			buildRules = (
			);
			dependencies = (
			);
			name = MagicBookStore;
			productName = MagicBookStore;
			productReference = 16A5D9EB236F2B95004A3963 /* MagicBookStore.app */;
			productType = "com.apple.product-type.application";
		};
/* End PBXNativeTarget section */

/* Begin PBXProject section */
		16A5D9E3236F2B95004A3963 /* Project object */ = {
			isa = PBXProject;
			attributes = {
				LastSwiftUpdateCheck = 1120;
				LastUpgradeCheck = 1120;
				ORGANIZATIONNAME = Lacie;
				TargetAttributes = {
					16A5D9EA236F2B95004A3963 = {
						CreatedOnToolsVersion = 11.2;
					};
				};
			};
			buildConfigurationList = 16A5D9E6236F2B95004A3963 /* Build configuration list for PBXProject "MagicBookStore" */;
			compatibilityVersion = "Xcode 9.3";
			developmentRegion = en;
			hasScannedForEncodings = 0;
			knownRegions = (
				en,
				Base,
			);
			mainGroup = 16A5D9E2236F2B95004A3963;
			productRefGroup = 16A5D9EC236F2B95004A3963 /* Products */;
			projectDirPath = "";
			projectRoot = "";
			targets = (
				16A5D9EA236F2B95004A3963 /* MagicBookStore */,
			);
		};
/* End PBXProject section */

/* Begin PBXResourcesBuildPhase section */
		16A5D9E9236F2B95004A3963 /* Resources */ = {
			isa = PBXResourcesBuildPhase;
			buildActionMask = 2147483647;
			files = (
				16A5D9FB236F2B96004A3963 /* LaunchScreen.storyboard in Resources */,
				16A5D9F8236F2B96004A3963 /* Assets.xcassets in Resources */,
				16A5D9F6236F2B95004A3963 /* Main.storyboard in Resources */,
			);
			runOnlyForDeploymentPostprocessing = 0;
		};
/* End PBXResourcesBuildPhase section */

/* Begin PBXSourcesBuildPhase section */
		16A5D9E7236F2B95004A3963 /* Sources */ = {
			isa = PBXSourcesBuildPhase;
			buildActionMask = 2147483647;
			files = (
				16A5D9F3236F2B95004A3963 /* ViewController.swift in Sources */,
				16A5D9EF236F2B95004A3963 /* AppDelegate.swift in Sources */,
				16A5D9F1236F2B95004A3963 /* SceneDelegate.swift in Sources */,
			);
			runOnlyForDeploymentPostprocessing = 0;
		};
/* End PBXSourcesBuildPhase section */

/* Begin PBXVariantGroup section */
		16A5D9F4236F2B95004A3963 /* Main.storyboard */ = {
			isa = PBXVariantGroup;
			children = (
				16A5D9F5236F2B95004A3963 /* Base */,
			);
			name = Main.storyboard;
			sourceTree = "<group>";
		};
		16A5D9F9236F2B96004A3963 /* LaunchScreen.storyboard */ = {
			isa = PBXVariantGroup;
			children = (
				16A5D9FA236F2B96004A3963 /* Base */,
			);
			name = LaunchScreen.storyboard;
			sourceTree = "<group>";
		};
/* End PBXVariantGroup section */

/* Begin XCBuildConfiguration section */
		16A5D9FD236F2B96004A3963 /* Debug */ = {
			isa = XCBuildConfiguration;
			buildSettings = {
				ALWAYS_SEARCH_USER_PATHS = NO;
				CLANG_ANALYZER_NONNULL = YES;
				CLANG_ANALYZER_NUMBER_OBJECT_CONVERSION = YES_AGGRESSIVE;
				CLANG_CXX_LANGUAGE_STANDARD = "gnu++14";
				CLANG_CXX_LIBRARY = "libc++";
				CLANG_ENABLE_MODULES = YES;
				CLANG_ENABLE_OBJC_ARC = YES;
				CLANG_ENABLE_OBJC_WEAK = YES;
				CLANG_WARN_BLOCK_CAPTURE_AUTORELEASING = YES;
				CLANG_WARN_BOOL_CONVERSION = YES;
				CLANG_WARN_COMMA = YES;
				CLANG_WARN_CONSTANT_CONVERSION = YES;
				CLANG_WARN_DEPRECATED_OBJC_IMPLEMENTATIONS = YES;
				CLANG_WARN_DIRECT_OBJC_ISA_USAGE = YES_ERROR;
				CLANG_WARN_DOCUMENTATION_COMMENTS = YES;
				CLANG_WARN_EMPTY_BODY = YES;
				CLANG_WARN_ENUM_CONVERSION = YES;
				CLANG_WARN_INFINITE_RECURSION = YES;
				CLANG_WARN_INT_CONVERSION = YES;
				CLANG_WARN_NON_LITERAL_NULL_CONVERSION = YES;
				CLANG_WARN_OBJC_IMPLICIT_RETAIN_SELF = YES;
				CLANG_WARN_OBJC_LITERAL_CONVERSION = YES;
				CLANG_WARN_OBJC_ROOT_CLASS = YES_ERROR;
				CLANG_WARN_RANGE_LOOP_ANALYSIS = YES;
				CLANG_WARN_STRICT_PROTOTYPES = YES;
				CLANG_WARN_SUSPICIOUS_MOVE = YES;
				CLANG_WARN_UNGUARDED_AVAILABILITY = YES_AGGRESSIVE;
				CLANG_WARN_UNREACHABLE_CODE = YES;
				CLANG_WARN__DUPLICATE_METHOD_MATCH = YES;
				COPY_PHASE_STRIP = NO;
				DEBUG_INFORMATION_FORMAT = dwarf;
				ENABLE_STRICT_OBJC_MSGSEND = YES;
				ENABLE_TESTABILITY = YES;
				GCC_C_LANGUAGE_STANDARD = gnu11;
				GCC_DYNAMIC_NO_PIC = NO;
				GCC_NO_COMMON_BLOCKS = YES;
				GCC_OPTIMIZATION_LEVEL = 0;
				GCC_PREPROCESSOR_DEFINITIONS = (
					"DEBUG=1",
					"$(inherited)",
				);
				GCC_WARN_64_TO_32_BIT_CONVERSION = YES;
				GCC_WARN_ABOUT_RETURN_TYPE = YES_ERROR;
				GCC_WARN_UNDECLARED_SELECTOR = YES;
				GCC_WARN_UNINITIALIZED_AUTOS = YES_AGGRESSIVE;
				GCC_WARN_UNUSED_FUNCTION = YES;
				GCC_WARN_UNUSED_VARIABLE = YES;
				IPHONEOS_DEPLOYMENT_TARGET = 13.2;
				MTL_ENABLE_DEBUG_INFO = INCLUDE_SOURCE;
				MTL_FAST_MATH = YES;
				ONLY_ACTIVE_ARCH = YES;
				SDKROOT = iphoneos;
				SWIFT_ACTIVE_COMPILATION_CONDITIONS = DEBUG;
				SWIFT_OPTIMIZATION_LEVEL = "-Onone";
			};
			name = Debug;
		};
		16A5D9FE236F2B96004A3963 /* Release */ = {
			isa = XCBuildConfiguration;
			buildSettings = {
				ALWAYS_SEARCH_USER_PATHS = NO;
				CLANG_ANALYZER_NONNULL = YES;
				CLANG_ANALYZER_NUMBER_OBJECT_CONVERSION = YES_AGGRESSIVE;
				CLANG_CXX_LANGUAGE_STANDARD = "gnu++14";
				CLANG_CXX_LIBRARY = "libc++";
				CLANG_ENABLE_MODULES = YES;
				CLANG_ENABLE_OBJC_ARC = YES;
				CLANG_ENABLE_OBJC_WEAK = YES;
				CLANG_WARN_BLOCK_CAPTURE_AUTORELEASING = YES;
				CLANG_WARN_BOOL_CONVERSION = YES;
				CLANG_WARN_COMMA = YES;
				CLANG_WARN_CONSTANT_CONVERSION = YES;
				CLANG_WARN_DEPRECATED_OBJC_IMPLEMENTATIONS = YES;
				CLANG_WARN_DIRECT_OBJC_ISA_USAGE = YES_ERROR;
				CLANG_WARN_DOCUMENTATION_COMMENTS = YES;
				CLANG_WARN_EMPTY_BODY = YES;
				CLANG_WARN_ENUM_CONVERSION = YES;
				CLANG_WARN_INFINITE_RECURSION = YES;
				CLANG_WARN_INT_CONVERSION = YES;
				CLANG_WARN_NON_LITERAL_NULL_CONVERSION = YES;
				CLANG_WARN_OBJC_IMPLICIT_RETAIN_SELF = YES;
				CLANG_WARN_OBJC_LITERAL_CONVERSION = YES;
				CLANG_WARN_OBJC_ROOT_CLASS = YES_ERROR;
				CLANG_WARN_RANGE_LOOP_ANALYSIS = YES;
				CLANG_WARN_STRICT_PROTOTYPES = YES;
				CLANG_WARN_SUSPICIOUS_MOVE = YES;
				CLANG_WARN_UNGUARDED_AVAILABILITY = YES_AGGRESSIVE;
				CLANG_WARN_UNREACHABLE_CODE = YES;
				CLANG_WARN__DUPLICATE_METHOD_MATCH = YES;
				COPY_PHASE_STRIP = NO;
				DEBUG_INFORMATION_FORMAT = "dwarf-with-dsym";
				ENABLE_NS_ASSERTIONS = NO;
				ENABLE_STRICT_OBJC_MSGSEND = YES;
				GCC_C_LANGUAGE_STANDARD = gnu11;
				GCC_NO_COMMON_BLOCKS = YES;
				GCC_WARN_64_TO_32_BIT_CONVERSION = YES;
				GCC_WARN_ABOUT_RETURN_TYPE = YES_ERROR;
				GCC_WARN_UNDECLARED_SELECTOR = YES;
				GCC_WARN_UNINITIALIZED_AUTOS = YES_AGGRESSIVE;
				GCC_WARN_UNUSED_FUNCTION = YES;
				GCC_WARN_UNUSED_VARIABLE = YES;
				IPHONEOS_DEPLOYMENT_TARGET = 13.2;
				MTL_ENABLE_DEBUG_INFO = NO;
				MTL_FAST_MATH = YES;
				SDKROOT = iphoneos;
				SWIFT_COMPILATION_MODE = wholemodule;
				SWIFT_OPTIMIZATION_LEVEL = "-O";
				VALIDATE_PRODUCT = YES;
			};
			name = Release;
		};
		16A5DA00236F2B96004A3963 /* Debug */ = {
			isa = XCBuildConfiguration;
			buildSettings = {
				ASSETCATALOG_COMPILER_APPICON_NAME = AppIcon;
				CODE_SIGN_STYLE = Automatic;
				DEVELOPMENT_TEAM = LNL6T3MTH9;
				INFOPLIST_FILE = MagicBookStore/Info.plist;
				LD_RUNPATH_SEARCH_PATHS = (
					"$(inherited)",
					"@executable_path/Frameworks",
				);
				PRODUCT_BUNDLE_IDENTIFIER = com.Lacie.MagicBookStore;
				PRODUCT_NAME = "$(TARGET_NAME)";
				SWIFT_VERSION = 5.0;
				TARGETED_DEVICE_FAMILY = "1,2";
			};
			name = Debug;
		};
		16A5DA01236F2B96004A3963 /* Release */ = {
			isa = XCBuildConfiguration;
			buildSettings = {
				ASSETCATALOG_COMPILER_APPICON_NAME = AppIcon;
				CODE_SIGN_STYLE = Automatic;
				DEVELOPMENT_TEAM = LNL6T3MTH9;
				INFOPLIST_FILE = MagicBookStore/Info.plist;
				LD_RUNPATH_SEARCH_PATHS = (
					"$(inherited)",
					"@executable_path/Frameworks",
				);
				PRODUCT_BUNDLE_IDENTIFIER = com.Lacie.MagicBookStore;
				PRODUCT_NAME = "$(TARGET_NAME)";
				SWIFT_VERSION = 5.0;
				TARGETED_DEVICE_FAMILY = "1,2";
			};
			name = Release;
		};
/* End XCBuildConfiguration section */

/* Begin XCConfigurationList section */
		16A5D9E6236F2B95004A3963 /* Build configuration list for PBXProject "MagicBookStore" */ = {
			isa = XCConfigurationList;
			buildConfigurations = (
				16A5D9FD236F2B96004A3963 /* Debug */,
				16A5D9FE236F2B96004A3963 /* Release */,
			);
			defaultConfigurationIsVisible = 0;
			defaultConfigurationName = Release;
		};
		16A5D9FF236F2B96004A3963 /* Build configuration list for PBXNativeTarget "MagicBookStore" */ = {
			isa = XCConfigurationList;
			buildConfigurations = (
				16A5DA00236F2B96004A3963 /* Debug */,
				16A5DA01236F2B96004A3963 /* Release */,
			);
			defaultConfigurationIsVisible = 0;
			defaultConfigurationName = Release;
		};
/* End XCConfigurationList section */
	};
	rootObject = 16A5D9E3236F2B95004A3963 /* Project object */;
}
